
Microsoft Visual Studio Solution File, Format Version 12.00
# Visual Studio 14
VisualStudioVersion = 14.0.25420.1
MinimumVisualStudioVersion = 10.0.40219.1
Project("{FAE04EC0-301F-11D3-BF4B-00C04F79EFBC}") = "RegexPhoneNumberCheck", "RegexPhoneNumberCheck\RegexPhoneNumberCheck.csproj", "{9D319291-6A53-4704-BC55-2D5384E59F82}"
EndProject
Global
	GlobalSection(SolutionConfigurationPlatforms) = preSolution
		Debug|Any CPU = Debug|Any CPU
		Release|Any CPU = Release|Any CPU
	EndGlobalSection
	GlobalSection(ProjectConfigurationPlatforms) = postSolution
		{9D319291-6A53-4704-BC55-2D5384E59F82}.Debug|Any CPU.ActiveCfg = Debug|Any CPU
		{9D319291-6A53-4704-BC55-2D5384E59F82}.Debug|Any CPU.Build.0 = Debug|Any CPU
		{9D319291-6A53-4704-BC55-2D5384E59F82}.Release|Any CPU.ActiveCfg = Release|Any CPU
		{9D319291-6A53-4704-BC55-2D5384E59F82}.Release|Any CPU.Build.0 = Release|Any CPU
	EndGlobalSection
	GlobalSection(SolutionProperties) = preSolution
		HideSolutionNode = FALSE
	EndGlobalSection
EndGlobal
